
Microsoft Visual Studio Solution File, Format Version 12.00
# Visual Studio Version 17
VisualStudioVersion = 17.8.34511.84
MinimumVisualStudioVersion = 10.0.40219.1
Project("{FAE04EC0-301F-11D3-BF4B-00C04F79EFBC}") = "CheckMachineLine", "CheckMachineLine\CheckMachineLine.csproj", "{50DC4892-4B8B-443C-98EA-6CD9FD866F82}"
EndProject
Global
	GlobalSection(SolutionConfigurationPlatforms) = preSolution
		Debug|Any CPU = Debug|Any CPU
		Release|Any CPU = Release|Any CPU
	EndGlobalSection
	GlobalSection(ProjectConfigurationPlatforms) = postSolution
		{50DC4892-4B8B-443C-98EA-6CD9FD866F82}.Debug|Any CPU.ActiveCfg = Debug|Any CPU
		{50DC4892-4B8B-443C-98EA-6CD9FD866F82}.Debug|Any CPU.Build.0 = Debug|Any CPU
		{50DC4892-4B8B-443C-98EA-6CD9FD866F82}.Release|Any CPU.ActiveCfg = Release|Any CPU
		{50DC4892-4B8B-443C-98EA-6CD9FD866F82}.Release|Any CPU.Build.0 = Release|Any CPU
	EndGlobalSection
	GlobalSection(SolutionProperties) = preSolution
		HideSolutionNode = FALSE
	EndGlobalSection
	GlobalSection(ExtensibilityGlobals) = postSolution
		SolutionGuid = {D9FA5674-CE3E-400D-BF28-B1DB7C9BC5F0}
	EndGlobalSection
EndGlobal
